
Microsoft Visual Studio Solution File, Format Version 12.00
# Visual Studio Version 17
VisualStudioVersion = 17.9.34728.123
MinimumVisualStudioVersion = 10.0.40219.1
Project("{2150E333-8FDC-42A3-9474-1A3956D46DE8}") = "Data", "Data", "{DD07B509-C0BE-46ED-BCBD-EB50DF418752}"
EndProject
Project("{2150E333-8FDC-42A3-9474-1A3956D46DE8}") = "Scripts", "Scripts", "{2959E6F0-F024-4CDE-AE3A-3B24FA20BDE9}"
EndProject
Project("{2150E333-8FDC-42A3-9474-1A3956D46DE8}") = "Tests", "Tests", "{BA87AD19-1810-43DF-AD8E-4F09EA18172E}"
EndProject
Project("{2150E333-8FDC-42A3-9474-1A3956D46DE8}") = "Src", "Src", "{DD5CB752-AFAE-4AAB-BA0A-E07D83EFEF3D}"
EndProject
Project("{2150E333-8FDC-42A3-9474-1A3956D46DE8}") = "Saas", "Saas", "{72386473-DCA2-4189-AD16-A1902AB01E40}"
	ProjectSection(SolutionItems) = preProject
		Src\Saas\readme.txt = Src\Saas\readme.txt
	EndProjectSection
EndProject
Project("{2150E333-8FDC-42A3-9474-1A3956D46DE8}") = "Framework", "Framework", "{918510B7-2DEA-4F48-829F-87B0692B9EC8}"
EndProject
Project("{00D1A9C2-B5F0-4AF3-8072-F6C62B433612}") = "Fmk.FMktMgr.Database", "Data\Fmk.FMktMgr.Database\Fmk.FMktMgr.Database.sqlproj", "{2B329D4D-F1F8-4B69-9519-7E380CF15DFA}"
EndProject
Project("{00D1A9C2-B5F0-4AF3-8072-F6C62B433612}") = "Fmk.Logging.Database", "Data\Fmk.Logging.Database\Fmk.Logging.Database.sqlproj", "{A22C9695-2337-40ED-932E-4667C42648EA}"
EndProject
Project("{9A19103F-16F7-4668-BE54-9A1E7A4F7556}") = "Fmk.FMktMgr.Core", "Src\Fmk.FMktMgr.Core\Fmk.FMktMgr.Core.csproj", "{F98EF38D-3E73-412F-94BA-5D806221A7C5}"
EndProject
Project("{9A19103F-16F7-4668-BE54-9A1E7A4F7556}") = "Fmk.FMktMgr.Repositories", "Src\Fmk.FMktMgr.Repositories\Fmk.FMktMgr.Repositories.csproj", "{4F5A1200-5D86-447E-8B19-0D397B417EDF}"
EndProject
Project("{9A19103F-16F7-4668-BE54-9A1E7A4F7556}") = "Fmk.FMktMgr.Services", "Src\Fmk.FMktMgr.Services\Fmk.FMktMgr.Services.csproj", "{24913780-D957-4C36-BCDE-5861CD6CCE5D}"
EndProject
Project("{9A19103F-16F7-4668-BE54-9A1E7A4F7556}") = "Fmk.FMktMgr.WebApi", "Src\Fmk.FMktMgr.WebApi\Fmk.FMktMgr.WebApi.csproj", "{B8C06AC6-1B8A-4193-818C-77594D5592F8}"
EndProject
Project("{9A19103F-16F7-4668-BE54-9A1E7A4F7556}") = "Fmk.Framework.Common", "Src\Framework\Fmk.Framework.Common\Fmk.Framework.Common.csproj", "{252B75AC-9E03-4A5C-8102-1AA59ADEB4F9}"
EndProject
Project("{9A19103F-16F7-4668-BE54-9A1E7A4F7556}") = "Fmk.Framework.Data.Sql", "Src\Framework\Fmk.Framework.Data.Sql\Fmk.Framework.Data.Sql.csproj", "{D98188B0-FC80-487A-9E79-24FBC3A8D659}"
EndProject
Project("{9A19103F-16F7-4668-BE54-9A1E7A4F7556}") = "Fmk.Framework.Data.Sql.Dac", "Src\Framework\Fmk.Framework.Data.Sql.Dac\Fmk.Framework.Data.Sql.Dac.csproj", "{85FB7F78-5361-4B77-B927-9B19B84223FC}"
EndProject
Project("{9A19103F-16F7-4668-BE54-9A1E7A4F7556}") = "Fmk.FMktMgr.Testing", "Tests\Fmk.FMktMgr.Testing\Fmk.FMktMgr.Testing.csproj", "{C2A4A33A-F1E2-4D13-9C4E-6C776D42D31D}"
EndProject
Project("{9A19103F-16F7-4668-BE54-9A1E7A4F7556}") = "Fmk.FMktMgr.Tests", "Tests\Fmk.FMktMgr.Tests\Fmk.FMktMgr.Tests.csproj", "{4C1CCBDD-773D-418B-92BC-F6520E3BC007}"
EndProject
Global
	GlobalSection(SolutionConfigurationPlatforms) = preSolution
		Debug|Any CPU = Debug|Any CPU
		Release|Any CPU = Release|Any CPU
	EndGlobalSection
	GlobalSection(ProjectConfigurationPlatforms) = postSolution
		{2B329D4D-F1F8-4B69-9519-7E380CF15DFA}.Debug|Any CPU.ActiveCfg = Debug|Any CPU
		{2B329D4D-F1F8-4B69-9519-7E380CF15DFA}.Debug|Any CPU.Build.0 = Debug|Any CPU
		{2B329D4D-F1F8-4B69-9519-7E380CF15DFA}.Debug|Any CPU.Deploy.0 = Debug|Any CPU
		{2B329D4D-F1F8-4B69-9519-7E380CF15DFA}.Release|Any CPU.ActiveCfg = Release|Any CPU
		{2B329D4D-F1F8-4B69-9519-7E380CF15DFA}.Release|Any CPU.Build.0 = Release|Any CPU
		{2B329D4D-F1F8-4B69-9519-7E380CF15DFA}.Release|Any CPU.Deploy.0 = Release|Any CPU
		{A22C9695-2337-40ED-932E-4667C42648EA}.Debug|Any CPU.ActiveCfg = Debug|Any CPU
		{A22C9695-2337-40ED-932E-4667C42648EA}.Debug|Any CPU.Build.0 = Debug|Any CPU
		{A22C9695-2337-40ED-932E-4667C42648EA}.Debug|Any CPU.Deploy.0 = Debug|Any CPU
		{A22C9695-2337-40ED-932E-4667C42648EA}.Release|Any CPU.ActiveCfg = Release|Any CPU
		{A22C9695-2337-40ED-932E-4667C42648EA}.Release|Any CPU.Build.0 = Release|Any CPU
		{A22C9695-2337-40ED-932E-4667C42648EA}.Release|Any CPU.Deploy.0 = Release|Any CPU
		{F98EF38D-3E73-412F-94BA-5D806221A7C5}.Debug|Any CPU.ActiveCfg = Debug|Any CPU
		{F98EF38D-3E73-412F-94BA-5D806221A7C5}.Debug|Any CPU.Build.0 = Debug|Any CPU
		{F98EF38D-3E73-412F-94BA-5D806221A7C5}.Release|Any CPU.ActiveCfg = Release|Any CPU
		{F98EF38D-3E73-412F-94BA-5D806221A7C5}.Release|Any CPU.Build.0 = Release|Any CPU
		{4F5A1200-5D86-447E-8B19-0D397B417EDF}.Debug|Any CPU.ActiveCfg = Debug|Any CPU
		{4F5A1200-5D86-447E-8B19-0D397B417EDF}.Debug|Any CPU.Build.0 = Debug|Any CPU
		{4F5A1200-5D86-447E-8B19-0D397B417EDF}.Release|Any CPU.ActiveCfg = Release|Any CPU
		{4F5A1200-5D86-447E-8B19-0D397B417EDF}.Release|Any CPU.Build.0 = Release|Any CPU
		{24913780-D957-4C36-BCDE-5861CD6CCE5D}.Debug|Any CPU.ActiveCfg = Debug|Any CPU
		{24913780-D957-4C36-BCDE-5861CD6CCE5D}.Debug|Any CPU.Build.0 = Debug|Any CPU
		{24913780-D957-4C36-BCDE-5861CD6CCE5D}.Release|Any CPU.ActiveCfg = Release|Any CPU
		{24913780-D957-4C36-BCDE-5861CD6CCE5D}.Release|Any CPU.Build.0 = Release|Any CPU
		{B8C06AC6-1B8A-4193-818C-77594D5592F8}.Debug|Any CPU.ActiveCfg = Debug|Any CPU
		{B8C06AC6-1B8A-4193-818C-77594D5592F8}.Debug|Any CPU.Build.0 = Debug|Any CPU
		{B8C06AC6-1B8A-4193-818C-77594D5592F8}.Release|Any CPU.ActiveCfg = Release|Any CPU
		{B8C06AC6-1B8A-4193-818C-77594D5592F8}.Release|Any CPU.Build.0 = Release|Any CPU
		{252B75AC-9E03-4A5C-8102-1AA59ADEB4F9}.Debug|Any CPU.ActiveCfg = Debug|Any CPU
		{252B75AC-9E03-4A5C-8102-1AA59ADEB4F9}.Debug|Any CPU.Build.0 = Debug|Any CPU
		{252B75AC-9E03-4A5C-8102-1AA59ADEB4F9}.Release|Any CPU.ActiveCfg = Release|Any CPU
		{252B75AC-9E03-4A5C-8102-1AA59ADEB4F9}.Release|Any CPU.Build.0 = Release|Any CPU
		{D98188B0-FC80-487A-9E79-24FBC3A8D659}.Debug|Any CPU.ActiveCfg = Debug|Any CPU
		{D98188B0-FC80-487A-9E79-24FBC3A8D659}.Debug|Any CPU.Build.0 = Debug|Any CPU
		{D98188B0-FC80-487A-9E79-24FBC3A8D659}.Release|Any CPU.ActiveCfg = Release|Any CPU
		{D98188B0-FC80-487A-9E79-24FBC3A8D659}.Release|Any CPU.Build.0 = Release|Any CPU
		{85FB7F78-5361-4B77-B927-9B19B84223FC}.Debug|Any CPU.ActiveCfg = Debug|Any CPU
		{85FB7F78-5361-4B77-B927-9B19B84223FC}.Debug|Any CPU.Build.0 = Debug|Any CPU
		{85FB7F78-5361-4B77-B927-9B19B84223FC}.Release|Any CPU.ActiveCfg = Release|Any CPU
		{85FB7F78-5361-4B77-B927-9B19B84223FC}.Release|Any CPU.Build.0 = Release|Any CPU
		{C2A4A33A-F1E2-4D13-9C4E-6C776D42D31D}.Debug|Any CPU.ActiveCfg = Debug|Any CPU
		{C2A4A33A-F1E2-4D13-9C4E-6C776D42D31D}.Debug|Any CPU.Build.0 = Debug|Any CPU
		{C2A4A33A-F1E2-4D13-9C4E-6C776D42D31D}.Release|Any CPU.ActiveCfg = Release|Any CPU
		{C2A4A33A-F1E2-4D13-9C4E-6C776D42D31D}.Release|Any CPU.Build.0 = Release|Any CPU
		{4C1CCBDD-773D-418B-92BC-F6520E3BC007}.Debug|Any CPU.ActiveCfg = Debug|Any CPU
		{4C1CCBDD-773D-418B-92BC-F6520E3BC007}.Debug|Any CPU.Build.0 = Debug|Any CPU
		{4C1CCBDD-773D-418B-92BC-F6520E3BC007}.Release|Any CPU.ActiveCfg = Release|Any CPU
		{4C1CCBDD-773D-418B-92BC-F6520E3BC007}.Release|Any CPU.Build.0 = Release|Any CPU
	EndGlobalSection
	GlobalSection(SolutionProperties) = preSolution
		HideSolutionNode = FALSE
	EndGlobalSection
	GlobalSection(NestedProjects) = preSolution
		{72386473-DCA2-4189-AD16-A1902AB01E40} = {DD5CB752-AFAE-4AAB-BA0A-E07D83EFEF3D}
		{918510B7-2DEA-4F48-829F-87B0692B9EC8} = {DD5CB752-AFAE-4AAB-BA0A-E07D83EFEF3D}
		{2B329D4D-F1F8-4B69-9519-7E380CF15DFA} = {DD07B509-C0BE-46ED-BCBD-EB50DF418752}
		{A22C9695-2337-40ED-932E-4667C42648EA} = {DD07B509-C0BE-46ED-BCBD-EB50DF418752}
		{F98EF38D-3E73-412F-94BA-5D806221A7C5} = {DD5CB752-AFAE-4AAB-BA0A-E07D83EFEF3D}
		{4F5A1200-5D86-447E-8B19-0D397B417EDF} = {DD5CB752-AFAE-4AAB-BA0A-E07D83EFEF3D}
		{24913780-D957-4C36-BCDE-5861CD6CCE5D} = {DD5CB752-AFAE-4AAB-BA0A-E07D83EFEF3D}
		{B8C06AC6-1B8A-4193-818C-77594D5592F8} = {DD5CB752-AFAE-4AAB-BA0A-E07D83EFEF3D}
		{252B75AC-9E03-4A5C-8102-1AA59ADEB4F9} = {918510B7-2DEA-4F48-829F-87B0692B9EC8}
		{D98188B0-FC80-487A-9E79-24FBC3A8D659} = {918510B7-2DEA-4F48-829F-87B0692B9EC8}
		{85FB7F78-5361-4B77-B927-9B19B84223FC} = {918510B7-2DEA-4F48-829F-87B0692B9EC8}
		{C2A4A33A-F1E2-4D13-9C4E-6C776D42D31D} = {BA87AD19-1810-43DF-AD8E-4F09EA18172E}
		{4C1CCBDD-773D-418B-92BC-F6520E3BC007} = {BA87AD19-1810-43DF-AD8E-4F09EA18172E}
	EndGlobalSection
	GlobalSection(ExtensibilityGlobals) = postSolution
		SolutionGuid = {F886F996-C8A1-47C2-9B22-D2F9604A5E42}
	EndGlobalSection
EndGlobal
